PODS:
  - Alamofire (5.6.4)
  - SSZipArchive (2.4.3)
  - SwiftyJSON (5.0.1)
  - SwiftyXMLParser (5.6.0)

DEPENDENCIES:
  - Alamofire
  - SSZipArchive
  - SwiftyJSON
  - SwiftyXMLParser

SPEC REPOS:
  trunk:
    - Alamofire
    - SSZipArchive
    - SwiftyJSON
    - SwiftyXMLParser

SPEC CHECKSUMS:
  Alamofire: 4e95d97098eacb88856099c4fc79b526a299e48c
  SSZipArchive: fe6a26b2a54d5a0890f2567b5cc6de5caa600aef
  SwiftyJSON: 2f33a42c6fbc52764d96f13368585094bfd8aa5e
  SwiftyXMLParser: 9b98995235961881322015ebe38d1f3d7c953bd7

PODFILE CHECKSUM: 569b4ae778e333235406f0a759410d6f2442e05a

COCOAPODS: 1.12.0
