PODS:
  - Alamofire (5.6.4)
  - SSZipArchive (2.4.3)
  - SwiftyXMLParser (5.6.0)

DEPENDENCIES:
  - Alamofire
  - SSZipArchive
  - SwiftyXMLParser

SPEC REPOS:
  trunk:
    - Alamofire
    - SSZipArchive
    - SwiftyXMLParser

SPEC CHECKSUMS:
  Alamofire: 4e95d97098eacb88856099c4fc79b526a299e48c
  SSZipArchive: fe6a26b2a54d5a0890f2567b5cc6de5caa600aef
  SwiftyXMLParser: 9b98995235961881322015ebe38d1f3d7c953bd7

PODFILE CHECKSUM: a7f884c48603ee6a48cfd7accf444c663398a1d5

COCOAPODS: 1.12.0
